# This file is automatically @generated by Cargo.
# It is not intended for manual editing.
version = 3

[[package]]
name = "projectile_inteception"
version = "0.2.0"
dependencies = [
 "serde",
 "twofloat",
]

[[package]]
name = "serde"
version = "1.0.136"
source = "registry+https://github.com/rust-lang/crates.io-index"
checksum = "ce31e24b01e1e524df96f1c2fdd054405f8d7376249a5110886fb4b658484789"

[[package]]
name = "twofloat"
version = "0.4.1"
source = "registry+https://github.com/rust-lang/crates.io-index"
checksum = "e1d3b9d87a28e878668a297cde8c31403d85dab3f34e8eb38e110d3dccc84253"
